<?xml version="1.0" encoding="utf-8"?>
<Project ToolsVersion="4.0" xmlns="http://schemas.microsoft.com/developer/msbuild/2003">
  <ItemGroup>
    <Filter Include="Source Files">
      <UniqueIdentifier>{4FC737F1-C7A5-4376-A066-2A32D752A2FF}</UniqueIdentifier>
      <Extensions>cpp;c;cc;cxx;def;odl;idl;hpj;bat;asm;asmx</Extensions>
    </Filter>
    <Filter Include="Header Files">
      <UniqueIdentifier>{93995380-89BD-4b04-88EB-625FBE52EBFB}</UniqueIdentifier>
      <Extensions>h;hh;hpp;hxx;hm;inl;inc;xsd</Extensions>
    </Filter>
    <Filter Include="Resource Files">
      <UniqueIdentifier>{67DA6AB6-F800-4c08-8B7A-83BB121AAD01}</UniqueIdentifier>
      <Extensions>rc;ico;cur;bmp;dlg;rc2;rct;bin;rgs;gif;jpg;jpeg;jpe;resx;tiff;tif;png;wav</Extensions>
    </Filter>
  </ItemGroup>
  <ItemGroup>
    <ClCompile Include="src\actor.cpp">
      <Filter>Source Files</Filter>
    </ClCompile>
    <ClCompile Include="src\allocator.cpp">
      <Filter>Source Files</Filter>
    </ClCompile>
    <ClCompile Include="src\collision.cpp">
      <Filter>Source Files</Filter>
    </ClCompile>
    <ClCompile Include="src\containers.cpp">
      <Filter>Source Files</Filter>
    </ClCompile>
    <ClCompile Include="src\debug_renderer_d3d11.cpp">
      <Filter>Source Files</Filter>
    </ClCompile>
    <ClCompile Include="src\game_manager.cpp">
      <Filter>Source Files</Filter>
    </ClCompile>
    <ClCompile Include="src\graphics_manager.cpp">
      <Filter>Source Files</Filter>
    </ClCompile>
    <ClCompile Include="src\graphics_manager_d3d11.cpp">
      <Filter>Source Files</Filter>
    </ClCompile>
    <ClCompile Include="src\input_manager.cpp">
      <Filter>Source Files</Filter>
    </ClCompile>
    <ClCompile Include="src\memory_manager.cpp">
      <Filter>Source Files</Filter>
    </ClCompile>
    <ClCompile Include="src\model.cpp">
      <Filter>Source Files</Filter>
    </ClCompile>
    <ClCompile Include="src\notification_manager.cpp">
      <Filter>Source Files</Filter>
    </ClCompile>
    <ClCompile Include="libs\tinyxml2\tinyxml2.cpp">
      <Filter>Source Files</Filter>
    </ClCompile>
    <ClCompile Include="src\win32_platform.cpp">
      <Filter>Source Files</Filter>
    </ClCompile>
    <ClCompile Include="src\animation\animation.cpp">
      <Filter>Source Files</Filter>
    </ClCompile>
    <ClCompile Include="src\animation\bone.cpp">
      <Filter>Source Files</Filter>
    </ClCompile>
    <ClCompile Include="src\animation\skeleton.cpp">
      <Filter>Source Files</Filter>
    </ClCompile>
    <ClCompile Include="src\artificial_intelligence\kinematic_behaviors.cpp">
      <Filter>Source Files</Filter>
    </ClCompile>
    <ClCompile Include="src\artificial_intelligence\steering_behaviors.cpp">
      <Filter>Source Files</Filter>
    </ClCompile>
    <ClCompile Include="src\components\animation_component.cpp">
      <Filter>Source Files</Filter>
    </ClCompile>
    <ClCompile Include="src\components\camera_component.cpp">
      <Filter>Source Files</Filter>
    </ClCompile>
    <ClCompile Include="src\components\enemy_component.cpp">
      <Filter>Source Files</Filter>
    </ClCompile>
    <ClCompile Include="src\components\physics_component.cpp">
      <Filter>Source Files</Filter>
    </ClCompile>
    <ClCompile Include="src\components\player_controller_component.cpp">
      <Filter>Source Files</Filter>
    </ClCompile>
    <ClCompile Include="src\components\render_component.cpp">
      <Filter>Source Files</Filter>
    </ClCompile>
    <ClCompile Include="src\components\weapon_component.cpp">
      <Filter>Source Files</Filter>
    </ClCompile>
    <ClCompile Include="src\math\algebra.cpp">
      <Filter>Source Files</Filter>
    </ClCompile>
    <ClCompile Include="src\math\matrix4.cpp">
      <Filter>Source Files</Filter>
    </ClCompile>
    <ClCompile Include="src\math\quaternion.cpp">
      <Filter>Source Files</Filter>
    </ClCompile>
    <ClCompile Include="src\math\vector2.cpp">
      <Filter>Source Files</Filter>
    </ClCompile>
    <ClCompile Include="src\math\vector3.cpp">
      <Filter>Source Files</Filter>
    </ClCompile>
    <ClCompile Include="src\math\vector4.cpp">
      <Filter>Source Files</Filter>
    </ClCompile>
    <ClCompile Include="src\utils.cpp">
      <Filter>Source Files</Filter>
    </ClCompile>
    <ClCompile Include="src\material.cpp">
      <Filter>Source Files</Filter>
    </ClCompile>
    <ClCompile Include="src\strings.cpp">
      <Filter>Source Files</Filter>
    </ClCompile>
    <ClCompile Include="src\asset_managers\texture_manager.cpp">
      <Filter>Source Files</Filter>
    </ClCompile>
    <ClCompile Include="src\asset_managers\shader_manager.cpp">
      <Filter>Source Files</Filter>
    </ClCompile>
    <ClCompile Include="src\asset_managers\material_manager.cpp">
      <Filter>Source Files</Filter>
    </ClCompile>
    <ClCompile Include="src\collisions\ray.cpp">
      <Filter>Source Files</Filter>
    </ClCompile>
    <ClCompile Include="src\collisions\segment.cpp">
      <Filter>Source Files</Filter>
    </ClCompile>
    <ClCompile Include="src\collisions\plane.cpp">
      <Filter>Source Files</Filter>
    </ClCompile>
    <ClCompile Include="src\collisions\sphere.cpp">
      <Filter>Source Files</Filter>
    </ClCompile>
    <ClCompile Include="src\collisions\cylinder.cpp">
      <Filter>Source Files</Filter>
    </ClCompile>
    <ClCompile Include="src\collisions\triangle.cpp">
      <Filter>Source Files</Filter>
    </ClCompile>
    <ClCompile Include="src\collisions\aabb.cpp">
      <Filter>Source Files</Filter>
    </ClCompile>
    <ClCompile Include="src\collisions\collision_utils.cpp">
      <Filter>Source Files</Filter>
    </ClCompile>
    <ClCompile Include="src\collisions\obb.cpp">
      <Filter>Source Files</Filter>
    </ClCompile>
    <ClCompile Include="src\asset_managers\model_manager.cpp">
      <Filter>Source Files</Filter>
    </ClCompile>
    <ClCompile Include="src\collisions\capsule.cpp">
      <Filter>Source Files</Filter>
    </ClCompile>
    <ClCompile Include="src\collisions\collider.cpp">
      <Filter>Source Files</Filter>
    </ClCompile>
    <ClCompile Include="src\collisions\mesh_collider.cpp">
      <Filter>Source Files</Filter>
    </ClCompile>
    <ClCompile Include="src\scene.cpp">
      <Filter>Source Files</Filter>
    </ClCompile>
    <ClCompile Include="src\components\bullet_component.cpp">
      <Filter>Source Files</Filter>
    </ClCompile>
    <ClCompile Include="src\actor_manager.cpp">
      <Filter>Source Files</Filter>
    </ClCompile>
    <ClCompile Include="src\components\component.cpp">
      <Filter>Source Files</Filter>
    </ClCompile>
    <ClCompile Include="src\states\menu_state.cpp">
      <Filter>Source Files</Filter>
    </ClCompile>
    <ClCompile Include="src\states\play_state.cpp">
      <Filter>Source Files</Filter>
    </ClCompile>
    <ClCompile Include="src\states\state_machine.cpp">
      <Filter>Source Files</Filter>
    </ClCompile>
    <ClCompile Include="src\components\collider_component.cpp">
      <Filter>Source Files</Filter>
    </ClCompile>
    <ClCompile Include="src\ui_renderer.cpp">
      <Filter>Source Files</Filter>
    </ClCompile>
    <ClCompile Include="src\bounding_volume_hierarchie.cpp">
      <Filter>Source Files</Filter>
    </ClCompile>
  </ItemGroup>
  <ItemGroup>
    <ClInclude Include="src\actor.h">
      <Filter>Header Files</Filter>
    </ClInclude>
    <ClInclude Include="src\allocator.h">
      <Filter>Header Files</Filter>
    </ClInclude>
    <ClInclude Include="src\asset_managers\asset_manager.h">
      <Filter>Header Files</Filter>
    </ClInclude>
    <ClInclude Include="src\collision.h">
      <Filter>Header Files</Filter>
    </ClInclude>
    <ClInclude Include="src\common.h">
      <Filter>Header Files</Filter>
    </ClInclude>
    <ClInclude Include="src\containers.h">
      <Filter>Header Files</Filter>
    </ClInclude>
    <ClInclude Include="src\debug_renderer_d3d11.h">
      <Filter>Header Files</Filter>
    </ClInclude>
    <ClInclude Include="src\game_manager.h">
      <Filter>Header Files</Filter>
    </ClInclude>
    <ClInclude Include="src\graphics_manager.h">
      <Filter>Header Files</Filter>
    </ClInclude>
    <ClInclude Include="src\graphics_manager_d3d11.h">
      <Filter>Header Files</Filter>
    </ClInclude>
    <ClInclude Include="src\input_manager.h">
      <Filter>Header Files</Filter>
    </ClInclude>
    <ClInclude Include="src\memory_manager.h">
      <Filter>Header Files</Filter>
    </ClInclude>
    <ClInclude Include="src\model.h">
      <Filter>Header Files</Filter>
    </ClInclude>
    <ClInclude Include="src\notification_manager.h">
      <Filter>Header Files</Filter>
    </ClInclude>
    <ClInclude Include="src\platform.h">
      <Filter>Header Files</Filter>
    </ClInclude>
    <ClInclude Include="libs\tinyxml2\tinyxml2.h">
      <Filter>Header Files</Filter>
    </ClInclude>
    <ClInclude Include="src\animation\animation.h">
      <Filter>Header Files</Filter>
    </ClInclude>
    <ClInclude Include="src\animation\bone.h">
      <Filter>Header Files</Filter>
    </ClInclude>
    <ClInclude Include="src\animation\skeleton.h">
      <Filter>Header Files</Filter>
    </ClInclude>
    <ClInclude Include="src\artificial_intelligence\kinematic_behaviors.h">
      <Filter>Header Files</Filter>
    </ClInclude>
    <ClInclude Include="src\artificial_intelligence\steering_behaviors.h">
      <Filter>Header Files</Filter>
    </ClInclude>
    <ClInclude Include="src\components\anchor_component.h">
      <Filter>Header Files</Filter>
    </ClInclude>
    <ClInclude Include="src\components\animation_component.h">
      <Filter>Header Files</Filter>
    </ClInclude>
    <ClInclude Include="src\components\camera_component.h">
      <Filter>Header Files</Filter>
    </ClInclude>
    <ClInclude Include="src\components\component.h">
      <Filter>Header Files</Filter>
    </ClInclude>
    <ClInclude Include="src\components\enemy_component.h">
      <Filter>Header Files</Filter>
    </ClInclude>
    <ClInclude Include="src\components\physics_component.h">
      <Filter>Header Files</Filter>
    </ClInclude>
    <ClInclude Include="src\components\player_controller_component.h">
      <Filter>Header Files</Filter>
    </ClInclude>
    <ClInclude Include="src\components\render_component.h">
      <Filter>Header Files</Filter>
    </ClInclude>
    <ClInclude Include="src\components\transform_component.h">
      <Filter>Header Files</Filter>
    </ClInclude>
    <ClInclude Include="src\components\weapon_component.h">
      <Filter>Header Files</Filter>
    </ClInclude>
    <ClInclude Include="src\math\algebra.h">
      <Filter>Header Files</Filter>
    </ClInclude>
    <ClInclude Include="src\math\matrix4.h">
      <Filter>Header Files</Filter>
    </ClInclude>
    <ClInclude Include="src\math\quaternion.h">
      <Filter>Header Files</Filter>
    </ClInclude>
    <ClInclude Include="src\math\vector2.h">
      <Filter>Header Files</Filter>
    </ClInclude>
    <ClInclude Include="src\math\vector3.h">
      <Filter>Header Files</Filter>
    </ClInclude>
    <ClInclude Include="src\math\vector4.h">
      <Filter>Header Files</Filter>
    </ClInclude>
    <ClInclude Include="src\utils.h">
      <Filter>Header Files</Filter>
    </ClInclude>
    <ClInclude Include="src\material.h">
      <Filter>Header Files</Filter>
    </ClInclude>
    <ClInclude Include="src\strings.h">
      <Filter>Header Files</Filter>
    </ClInclude>
    <ClInclude Include="src\asset_managers\texture_manager.h">
      <Filter>Header Files</Filter>
    </ClInclude>
    <ClInclude Include="src\asset_managers\shader_manager.h">
      <Filter>Header Files</Filter>
    </ClInclude>
    <ClInclude Include="src\asset_managers\material_manager.h">
      <Filter>Header Files</Filter>
    </ClInclude>
    <ClInclude Include="src\collisions\ray.h">
      <Filter>Header Files</Filter>
    </ClInclude>
    <ClInclude Include="src\collisions\segment.h">
      <Filter>Header Files</Filter>
    </ClInclude>
    <ClInclude Include="src\collisions\plane.h">
      <Filter>Header Files</Filter>
    </ClInclude>
    <ClInclude Include="src\collisions\sphere.h">
      <Filter>Header Files</Filter>
    </ClInclude>
    <ClInclude Include="src\collisions\cylinder.h">
      <Filter>Header Files</Filter>
    </ClInclude>
    <ClInclude Include="src\collisions\capsule.h">
      <Filter>Header Files</Filter>
    </ClInclude>
    <ClInclude Include="src\collisions\aabb.h">
      <Filter>Header Files</Filter>
    </ClInclude>
    <ClInclude Include="src\collisions\obb.h">
      <Filter>Header Files</Filter>
    </ClInclude>
    <ClInclude Include="src\collisions\triangle.h">
      <Filter>Header Files</Filter>
    </ClInclude>
    <ClInclude Include="src\collisions\collision_utils.h">
      <Filter>Header Files</Filter>
    </ClInclude>
    <ClInclude Include="src\asset_managers\model_manager.h">
      <Filter>Header Files</Filter>
    </ClInclude>
    <ClInclude Include="src\collisions\collider.h">
      <Filter>Header Files</Filter>
    </ClInclude>
    <ClInclude Include="src\collisions\mesh_collider.h">
      <Filter>Header Files</Filter>
    </ClInclude>
    <ClInclude Include="src\scene.h">
      <Filter>Header Files</Filter>
    </ClInclude>
    <ClInclude Include="src\notification.h">
      <Filter>Header Files</Filter>
    </ClInclude>
    <ClInclude Include="src\components\bullet_component.h">
      <Filter>Header Files</Filter>
    </ClInclude>
    <ClInclude Include="src\actor_manager.h">
      <Filter>Header Files</Filter>
    </ClInclude>
    <ClInclude Include="src\component_list.h">
      <Filter>Header Files</Filter>
    </ClInclude>
    <ClInclude Include="src\states\state_machine.h">
      <Filter>Header Files</Filter>
    </ClInclude>
    <ClInclude Include="src\states\state.h">
      <Filter>Header Files</Filter>
    </ClInclude>
    <ClInclude Include="src\states\menu_state.h">
      <Filter>Header Files</Filter>
    </ClInclude>
    <ClInclude Include="src\states\play_state.h">
      <Filter>Header Files</Filter>
    </ClInclude>
    <ClInclude Include="src\components\collider_component.h">
      <Filter>Header Files</Filter>
    </ClInclude>
    <ClInclude Include="src\ui_renderer.h">
      <Filter>Header Files</Filter>
    </ClInclude>
    <ClInclude Include="src\ui_button.h">
      <Filter>Header Files</Filter>
    </ClInclude>
    <ClInclude Include="src\bounding_volume_hierarchie.h">
      <Filter>Header Files</Filter>
    </ClInclude>
  </ItemGroup>
  <ItemGroup>
    <Xml Include="data\xml\bullet.xml" />
    <Xml Include="data\xml\enemy.xml" />
    <Xml Include="data\xml\house.xml" />
    <Xml Include="data\xml\pistol.xml" />
    <Xml Include="data\xml\player.xml" />
    <Xml Include="data\xml\sniper.xml" />
    <Xml Include="data\xml\test-level.xml" />
    <Xml Include="data\xml\tower.xml" />
    <Xml Include="data\xml\wizard.xml" />
    <Xml Include="data\xml\level1.xml" />
    <Xml Include="data\xml\mona.xml" />
  </ItemGroup>
</Project>